
Microsoft Visual Studio Solution File, Format Version 12.00
# Visual Studio Version 17
VisualStudioVersion = 17.13.35919.96 d17.13
MinimumVisualStudioVersion = 10.0.40219.1
Project("{FAE04EC0-301F-11D3-BF4B-00C04F79EFBC}") = "TBank_GetUserId", "TBank_GetUserId.csproj", "{421ABA87-7D1A-4EB2-850C-268794D61550}"
EndProject
Global
	GlobalSection(SolutionConfigurationPlatforms) = preSolution
		Debug|Any CPU = Debug|Any CPU
		Release|Any CPU = Release|Any CPU
	EndGlobalSection
	GlobalSection(ProjectConfigurationPlatforms) = postSolution
		{421ABA87-7D1A-4EB2-850C-268794D61550}.Debug|Any CPU.ActiveCfg = Debug|Any CPU
		{421ABA87-7D1A-4EB2-850C-268794D61550}.Debug|Any CPU.Build.0 = Debug|Any CPU
		{421ABA87-7D1A-4EB2-850C-268794D61550}.Release|Any CPU.ActiveCfg = Release|Any CPU
		{421ABA87-7D1A-4EB2-850C-268794D61550}.Release|Any CPU.Build.0 = Release|Any CPU
	EndGlobalSection
	GlobalSection(SolutionProperties) = preSolution
		HideSolutionNode = FALSE
	EndGlobalSection
	GlobalSection(ExtensibilityGlobals) = postSolution
		SolutionGuid = {AE159C2D-D006-4278-B291-A255398C1B38}
	EndGlobalSection
EndGlobal
